// !$*UTF8*$!
{
	archiveVersion = 1;
	classes = {
	};
	objectVersion = 56;
	objects = {

/* Begin PBXBuildFile section */
		7C9C1DFD2C8620AB00F24F25 /* AppDelegate.swift in Sources */ = {isa = PBXBuildFile; fileRef = 7C9C1DFC2C8620AB00F24F25 /* AppDelegate.swift */; };
		7C9C1DFF2C8620AB00F24F25 /* SceneDelegate.swift in Sources */ = {isa = PBXBuildFile; fileRef = 7C9C1DFE2C8620AB00F24F25 /* SceneDelegate.swift */; };
		7C9C1E062C8620AD00F24F25 /* Assets.xcassets in Resources */ = {isa = PBXBuildFile; fileRef = 7C9C1E052C8620AD00F24F25 /* Assets.xcassets */; };
		7C9C1E092C8620AD00F24F25 /* Base in Resources */ = {isa = PBXBuildFile; fileRef = 7C9C1E082C8620AD00F24F25 /* Base */; };
		7C9C1E162C862F8300F24F25 /* LViewController.swift in Sources */ = {isa = PBXBuildFile; fileRef = 7C9C1E142C862F8300F24F25 /* LViewController.swift */; };
		7C9C1E172C862F8300F24F25 /* LViewController.xib in Resources */ = {isa = PBXBuildFile; fileRef = 7C9C1E152C862F8300F24F25 /* LViewController.xib */; };
		7CD3FB1F2C874147008128CD /* HomeViewController.swift in Sources */ = {isa = PBXBuildFile; fileRef = 7CD3FB1D2C874147008128CD /* HomeViewController.swift */; };
		7CD3FB202C874147008128CD /* HomeViewController.xib in Resources */ = {isa = PBXBuildFile; fileRef = 7CD3FB1E2C874147008128CD /* HomeViewController.xib */; };
/* End PBXBuildFile section */

/* Begin PBXFileReference section */
		7C9C1DF92C8620AB00F24F25 /* InterfazCarlos.app */ = {isa = PBXFileReference; explicitFileType = wrapper.application; includeInIndex = 0; path = InterfazCarlos.app; sourceTree = BUILT_PRODUCTS_DIR; };
		7C9C1DFC2C8620AB00F24F25 /* AppDelegate.swift */ = {isa = PBXFileReference; lastKnownFileType = sourcecode.swift; path = AppDelegate.swift; sourceTree = "<group>"; };
		7C9C1DFE2C8620AB00F24F25 /* SceneDelegate.swift */ = {isa = PBXFileReference; lastKnownFileType = sourcecode.swift; path = SceneDelegate.swift; sourceTree = "<group>"; };
		7C9C1E052C8620AD00F24F25 /* Assets.xcassets */ = {isa = PBXFileReference; lastKnownFileType = folder.assetcatalog; path = Assets.xcassets; sourceTree = "<group>"; };
		7C9C1E082C8620AD00F24F25 /* Base */ = {isa = PBXFileReference; lastKnownFileType = file.storyboard; name = Base; path = Base.lproj/LaunchScreen.storyboard; sourceTree = "<group>"; };
		7C9C1E0A2C8620AD00F24F25 /* Info.plist */ = {isa = PBXFileReference; lastKnownFileType = text.plist.xml; path = Info.plist; sourceTree = "<group>"; };
		7C9C1E142C862F8300F24F25 /* LViewController.swift */ = {isa = PBXFileReference; lastKnownFileType = sourcecode.swift; path = LViewController.swift; sourceTree = "<group>"; };
		7C9C1E152C862F8300F24F25 /* LViewController.xib */ = {isa = PBXFileReference; lastKnownFileType = file.xib; path = LViewController.xib; sourceTree = "<group>"; };
		7CD3FB1D2C874147008128CD /* HomeViewController.swift */ = {isa = PBXFileReference; lastKnownFileType = sourcecode.swift; path = HomeViewController.swift; sourceTree = "<group>"; };
		7CD3FB1E2C874147008128CD /* HomeViewController.xib */ = {isa = PBXFileReference; lastKnownFileType = file.xib; path = HomeViewController.xib; sourceTree = "<group>"; };
/* End PBXFileReference section */

/* Begin PBXFrameworksBuildPhase section */
		7C9C1DF62C8620AB00F24F25 /* Frameworks */ = {
			isa = PBXFrameworksBuildPhase;
			buildActionMask = 2147483647;
			files = (
			);
			runOnlyForDeploymentPostprocessing = 0;
		};
/* End PBXFrameworksBuildPhase section */

/* Begin PBXGroup section */
		7C9C1DF02C8620AB00F24F25 = {
			isa = PBXGroup;
			children = (
				7C9C1DFB2C8620AB00F24F25 /* InterfazCarlos */,
				7C9C1DFA2C8620AB00F24F25 /* Products */,
			);
			sourceTree = "<group>";
		};
		7C9C1DFA2C8620AB00F24F25 /* Products */ = {
			isa = PBXGroup;
			children = (
				7C9C1DF92C8620AB00F24F25 /* InterfazCarlos.app */,
			);
			name = Products;
			sourceTree = "<group>";
		};
		7C9C1DFB2C8620AB00F24F25 /* InterfazCarlos */ = {
			isa = PBXGroup;
			children = (
				7C9C1DFC2C8620AB00F24F25 /* AppDelegate.swift */,
				7C9C1DFE2C8620AB00F24F25 /* SceneDelegate.swift */,
				7C9C1E052C8620AD00F24F25 /* Assets.xcassets */,
				7C9C1E072C8620AD00F24F25 /* LaunchScreen.storyboard */,
				7C9C1E0A2C8620AD00F24F25 /* Info.plist */,
				7C9C1E142C862F8300F24F25 /* LViewController.swift */,
				7C9C1E152C862F8300F24F25 /* LViewController.xib */,
				7CD3FB1D2C874147008128CD /* HomeViewController.swift */,
				7CD3FB1E2C874147008128CD /* HomeViewController.xib */,
			);
			path = InterfazCarlos;
			sourceTree = "<group>";
		};
/* End PBXGroup section */

/* Begin PBXNativeTarget section */
		7C9C1DF82C8620AB00F24F25 /* InterfazCarlos */ = {
			isa = PBXNativeTarget;
			buildConfigurationList = 7C9C1E0D2C8620AD00F24F25 /* Build configuration list for PBXNativeTarget "InterfazCarlos" */;
			buildPhases = (
				7C9C1DF52C8620AB00F24F25 /* Sources */,
				7C9C1DF62C8620AB00F24F25 /* Frameworks */,
				7C9C1DF72C8620AB00F24F25 /* Resources */,
			);
			buildRules = (
			);
			dependencies = (
			);
			name = InterfazCarlos;
			productName = InterfazCarlos;
			productReference = 7C9C1DF92C8620AB00F24F25 /* InterfazCarlos.app */;
			productType = "com.apple.product-type.application";
		};
/* End PBXNativeTarget section */

/* Begin PBXProject section */
		7C9C1DF12C8620AB00F24F25 /* Project object */ = {
			isa = PBXProject;
			attributes = {
				BuildIndependentTargetsInParallel = 1;
				LastSwiftUpdateCheck = 1540;
				LastUpgradeCheck = 1540;
				TargetAttributes = {
					7C9C1DF82C8620AB00F24F25 = {
						CreatedOnToolsVersion = 15.4;
					};
				};
			};
			buildConfigurationList = 7C9C1DF42C8620AB00F24F25 /* Build configuration list for PBXProject "InterfazCarlos" */;
			compatibilityVersion = "Xcode 14.0";
			developmentRegion = en;
			hasScannedForEncodings = 0;
			knownRegions = (
				en,
				Base,
			);
			mainGroup = 7C9C1DF02C8620AB00F24F25;
			productRefGroup = 7C9C1DFA2C8620AB00F24F25 /* Products */;
			projectDirPath = "";
			projectRoot = "";
			targets = (
				7C9C1DF82C8620AB00F24F25 /* InterfazCarlos */,
			);
		};
/* End PBXProject section */

/* Begin PBXResourcesBuildPhase section */
		7C9C1DF72C8620AB00F24F25 /* Resources */ = {
			isa = PBXResourcesBuildPhase;
			buildActionMask = 2147483647;
			files = (
				7C9C1E062C8620AD00F24F25 /* Assets.xcassets in Resources */,
				7C9C1E092C8620AD00F24F25 /* Base in Resources */,
				7C9C1E172C862F8300F24F25 /* LViewController.xib in Resources */,
				7CD3FB202C874147008128CD /* HomeViewController.xib in Resources */,
			);
			runOnlyForDeploymentPostprocessing = 0;
		};
/* End PBXResourcesBuildPhase section */

/* Begin PBXSourcesBuildPhase section */
		7C9C1DF52C8620AB00F24F25 /* Sources */ = {
			isa = PBXSourcesBuildPhase;
			buildActionMask = 2147483647;
			files = (
				7C9C1DFD2C8620AB00F24F25 /* AppDelegate.swift in Sources */,
				7C9C1DFF2C8620AB00F24F25 /* SceneDelegate.swift in Sources */,
				7C9C1E162C862F8300F24F25 /* LViewController.swift in Sources */,
				7CD3FB1F2C874147008128CD /* HomeViewController.swift in Sources */,
			);
			runOnlyForDeploymentPostprocessing = 0;
		};
/* End PBXSourcesBuildPhase section */

/* Begin PBXVariantGroup section */
		7C9C1E072C8620AD00F24F25 /* LaunchScreen.storyboard */ = {
			isa = PBXVariantGroup;
			children = (
				7C9C1E082C8620AD00F24F25 /* Base */,
			);
			name = LaunchScreen.storyboard;
			sourceTree = "<group>";
		};
/* End PBXVariantGroup section */

/* Begin XCBuildConfiguration section */
		7C9C1E0B2C8620AD00F24F25 /* Debug */ = {
			isa = XCBuildConfiguration;
			buildSettings = {
				ALWAYS_SEARCH_USER_PATHS = NO;
				ASSETCATALOG_COMPILER_GENERATE_SWIFT_ASSET_SYMBOL_EXTENSIONS = YES;
				CLANG_ANALYZER_NONNULL = YES;
				CLANG_ANALYZER_NUMBER_OBJECT_CONVERSION = YES_AGGRESSIVE;
				CLANG_CXX_LANGUAGE_STANDARD = "gnu++20";
				CLANG_ENABLE_MODULES = YES;
				CLANG_ENABLE_OBJC_ARC = YES;
				CLANG_ENABLE_OBJC_WEAK = YES;
				CLANG_WARN_BLOCK_CAPTURE_AUTORELEASING = YES;
				CLANG_WARN_BOOL_CONVERSION = YES;
				CLANG_WARN_COMMA = YES;
				CLANG_WARN_CONSTANT_CONVERSION = YES;
				CLANG_WARN_DEPRECATED_OBJC_IMPLEMENTATIONS = YES;
				CLANG_WARN_DIRECT_OBJC_ISA_USAGE = YES_ERROR;
				CLANG_WARN_DOCUMENTATION_COMMENTS = YES;
				CLANG_WARN_EMPTY_BODY = YES;
				CLANG_WARN_ENUM_CONVERSION = YES;
				CLANG_WARN_INFINITE_RECURSION = YES;
				CLANG_WARN_INT_CONVERSION = YES;
				CLANG_WARN_NON_LITERAL_NULL_CONVERSION = YES;
				CLANG_WARN_OBJC_IMPLICIT_RETAIN_SELF = YES;
				CLANG_WARN_OBJC_LITERAL_CONVERSION = YES;
				CLANG_WARN_OBJC_ROOT_CLASS = YES_ERROR;
				CLANG_WARN_QUOTED_INCLUDE_IN_FRAMEWORK_HEADER = YES;
				CLANG_WARN_RANGE_LOOP_ANALYSIS = YES;
				CLANG_WARN_STRICT_PROTOTYPES = YES;
				CLANG_WARN_SUSPICIOUS_MOVE = YES;
				CLANG_WARN_UNGUARDED_AVAILABILITY = YES_AGGRESSIVE;
				CLANG_WARN_UNREACHABLE_CODE = YES;
				CLANG_WARN__DUPLICATE_METHOD_MATCH = YES;
				COPY_PHASE_STRIP = NO;
				DEBUG_INFORMATION_FORMAT = dwarf;
				ENABLE_STRICT_OBJC_MSGSEND = YES;
				ENABLE_TESTABILITY = YES;
				ENABLE_USER_SCRIPT_SANDBOXING = YES;
				GCC_C_LANGUAGE_STANDARD = gnu17;
				GCC_DYNAMIC_NO_PIC = NO;
				GCC_NO_COMMON_BLOCKS = YES;
				GCC_OPTIMIZATION_LEVEL = 0;
				GCC_PREPROCESSOR_DEFINITIONS = (
					"DEBUG=1",
					"$(inherited)",
				);
				GCC_WARN_64_TO_32_BIT_CONVERSION = YES;
				GCC_WARN_ABOUT_RETURN_TYPE = YES_ERROR;
				GCC_WARN_UNDECLARED_SELECTOR = YES;
				GCC_WARN_UNINITIALIZED_AUTOS = YES_AGGRESSIVE;
				GCC_WARN_UNUSED_FUNCTION = YES;
				GCC_WARN_UNUSED_VARIABLE = YES;
				IPHONEOS_DEPLOYMENT_TARGET = 17.5;
				LOCALIZATION_PREFERS_STRING_CATALOGS = YES;
				MTL_ENABLE_DEBUG_INFO = INCLUDE_SOURCE;
				MTL_FAST_MATH = YES;
				ONLY_ACTIVE_ARCH = YES;
				SDKROOT = iphoneos;
				SWIFT_ACTIVE_COMPILATION_CONDITIONS = "DEBUG $(inherited)";
				SWIFT_OPTIMIZATION_LEVEL = "-Onone";
			};
			name = Debug;
		};
		7C9C1E0C2C8620AD00F24F25 /* Release */ = {
			isa = XCBuildConfiguration;
			buildSettings = {
				ALWAYS_SEARCH_USER_PATHS = NO;
				ASSETCATALOG_COMPILER_GENERATE_SWIFT_ASSET_SYMBOL_EXTENSIONS = YES;
				CLANG_ANALYZER_NONNULL = YES;
				CLANG_ANALYZER_NUMBER_OBJECT_CONVERSION = YES_AGGRESSIVE;
				CLANG_CXX_LANGUAGE_STANDARD = "gnu++20";
				CLANG_ENABLE_MODULES = YES;
				CLANG_ENABLE_OBJC_ARC = YES;
				CLANG_ENABLE_OBJC_WEAK = YES;
				CLANG_WARN_BLOCK_CAPTURE_AUTORELEASING = YES;
				CLANG_WARN_BOOL_CONVERSION = YES;
				CLANG_WARN_COMMA = YES;
				CLANG_WARN_CONSTANT_CONVERSION = YES;
				CLANG_WARN_DEPRECATED_OBJC_IMPLEMENTATIONS = YES;
				CLANG_WARN_DIRECT_OBJC_ISA_USAGE = YES_ERROR;
				CLANG_WARN_DOCUMENTATION_COMMENTS = YES;
				CLANG_WARN_EMPTY_BODY = YES;
				CLANG_WARN_ENUM_CONVERSION = YES;
				CLANG_WARN_INFINITE_RECURSION = YES;
				CLANG_WARN_INT_CONVERSION = YES;
				CLANG_WARN_NON_LITERAL_NULL_CONVERSION = YES;
				CLANG_WARN_OBJC_IMPLICIT_RETAIN_SELF = YES;
				CLANG_WARN_OBJC_LITERAL_CONVERSION = YES;
				CLANG_WARN_OBJC_ROOT_CLASS = YES_ERROR;
				CLANG_WARN_QUOTED_INCLUDE_IN_FRAMEWORK_HEADER = YES;
				CLANG_WARN_RANGE_LOOP_ANALYSIS = YES;
				CLANG_WARN_STRICT_PROTOTYPES = YES;
				CLANG_WARN_SUSPICIOUS_MOVE = YES;
				CLANG_WARN_UNGUARDED_AVAILABILITY = YES_AGGRESSIVE;
				CLANG_WARN_UNREACHABLE_CODE = YES;
				CLANG_WARN__DUPLICATE_METHOD_MATCH = YES;
				COPY_PHASE_STRIP = NO;
				DEBUG_INFORMATION_FORMAT = "dwarf-with-dsym";
				ENABLE_NS_ASSERTIONS = NO;
				ENABLE_STRICT_OBJC_MSGSEND = YES;
				ENABLE_USER_SCRIPT_SANDBOXING = YES;
				GCC_C_LANGUAGE_STANDARD = gnu17;
				GCC_NO_COMMON_BLOCKS = YES;
				GCC_WARN_64_TO_32_BIT_CONVERSION = YES;
				GCC_WARN_ABOUT_RETURN_TYPE = YES_ERROR;
				GCC_WARN_UNDECLARED_SELECTOR = YES;
				GCC_WARN_UNINITIALIZED_AUTOS = YES_AGGRESSIVE;
				GCC_WARN_UNUSED_FUNCTION = YES;
				GCC_WARN_UNUSED_VARIABLE = YES;
				IPHONEOS_DEPLOYMENT_TARGET = 17.5;
				LOCALIZATION_PREFERS_STRING_CATALOGS = YES;
				MTL_ENABLE_DEBUG_INFO = NO;
				MTL_FAST_MATH = YES;
				SDKROOT = iphoneos;
				SWIFT_COMPILATION_MODE = wholemodule;
				VALIDATE_PRODUCT = YES;
			};
			name = Release;
		};
		7C9C1E0E2C8620AD00F24F25 /* Debug */ = {
			isa = XCBuildConfiguration;
			buildSettings = {
				ASSETCATALOG_COMPILER_APPICON_NAME = AppIcon;
				ASSETCATALOG_COMPILER_GLOBAL_ACCENT_COLOR_NAME = AccentColor;
				CODE_SIGN_STYLE = Automatic;
				CURRENT_PROJECT_VERSION = 1;
				GENERATE_INFOPLIST_FILE = YES;
				INFOPLIST_FILE = InterfazCarlos/Info.plist;
				INFOPLIST_KEY_UIApplicationSupportsIndirectInputEvents = YES;
				INFOPLIST_KEY_UILaunchStoryboardName = LaunchScreen;
				INFOPLIST_KEY_UISupportedInterfaceOrientations_iPad = "UIInterfaceOrientationPortrait UIInterfaceOrientationPortraitUpsideDown UIInterfaceOrientationLandscapeLeft UIInterfaceOrientationLandscapeRight";
				INFOPLIST_KEY_UISupportedInterfaceOrientations_iPhone = "UIInterfaceOrientationPortrait UIInterfaceOrientationLandscapeLeft UIInterfaceOrientationLandscapeRight";
				LD_RUNPATH_SEARCH_PATHS = (
					"$(inherited)",
					"@executable_path/Frameworks",
				);
				MARKETING_VERSION = 1.0;
				PRODUCT_BUNDLE_IDENTIFIER = DiplomadoSwift.InterfazCarlos;
				PRODUCT_NAME = "$(TARGET_NAME)";
				SWIFT_EMIT_LOC_STRINGS = YES;
				SWIFT_VERSION = 5.0;
				TARGETED_DEVICE_FAMILY = "1,2";
			};
			name = Debug;
		};
		7C9C1E0F2C8620AD00F24F25 /* Release */ = {
			isa = XCBuildConfiguration;
			buildSettings = {
				ASSETCATALOG_COMPILER_APPICON_NAME = AppIcon;
				ASSETCATALOG_COMPILER_GLOBAL_ACCENT_COLOR_NAME = AccentColor;
				CODE_SIGN_STYLE = Automatic;
				CURRENT_PROJECT_VERSION = 1;
				GENERATE_INFOPLIST_FILE = YES;
				INFOPLIST_FILE = InterfazCarlos/Info.plist;
				INFOPLIST_KEY_UIApplicationSupportsIndirectInputEvents = YES;
				INFOPLIST_KEY_UILaunchStoryboardName = LaunchScreen;
				INFOPLIST_KEY_UISupportedInterfaceOrientations_iPad = "UIInterfaceOrientationPortrait UIInterfaceOrientationPortraitUpsideDown UIInterfaceOrientationLandscapeLeft UIInterfaceOrientationLandscapeRight";
				INFOPLIST_KEY_UISupportedInterfaceOrientations_iPhone = "UIInterfaceOrientationPortrait UIInterfaceOrientationLandscapeLeft UIInterfaceOrientationLandscapeRight";
				LD_RUNPATH_SEARCH_PATHS = (
					"$(inherited)",
					"@executable_path/Frameworks",
				);
				MARKETING_VERSION = 1.0;
				PRODUCT_BUNDLE_IDENTIFIER = DiplomadoSwift.InterfazCarlos;
				PRODUCT_NAME = "$(TARGET_NAME)";
				SWIFT_EMIT_LOC_STRINGS = YES;
				SWIFT_VERSION = 5.0;
				TARGETED_DEVICE_FAMILY = "1,2";
			};
			name = Release;
		};
/* End XCBuildConfiguration section */

/* Begin XCConfigurationList section */
		7C9C1DF42C8620AB00F24F25 /* Build configuration list for PBXProject "InterfazCarlos" */ = {
			isa = XCConfigurationList;
			buildConfigurations = (
				7C9C1E0B2C8620AD00F24F25 /* Debug */,
				7C9C1E0C2C8620AD00F24F25 /* Release */,
			);
			defaultConfigurationIsVisible = 0;
			defaultConfigurationName = Release;
		};
		7C9C1E0D2C8620AD00F24F25 /* Build configuration list for PBXNativeTarget "InterfazCarlos" */ = {
			isa = XCConfigurationList;
			buildConfigurations = (
				7C9C1E0E2C8620AD00F24F25 /* Debug */,
				7C9C1E0F2C8620AD00F24F25 /* Release */,
			);
			defaultConfigurationIsVisible = 0;
			defaultConfigurationName = Release;
		};
/* End XCConfigurationList section */
	};
	rootObject = 7C9C1DF12C8620AB00F24F25 /* Project object */;
}
